
Microsoft Visual Studio Solution File, Format Version 12.00
# Visual Studio Version 17
VisualStudioVersion = 17.1.32328.378
MinimumVisualStudioVersion = 10.0.40219.1
Project("{FAE04EC0-301F-11D3-BF4B-00C04F79EFBC}") = "RabbitMqSample", "RabbitMqSample\RabbitMqSample.csproj", "{943CFF0E-16EC-43CB-9BD5-DDC9269960DA}"
EndProject
Global
	GlobalSection(SolutionConfigurationPlatforms) = preSolution
		Debug|Any CPU = Debug|Any CPU
		Release|Any CPU = Release|Any CPU
	EndGlobalSection
	GlobalSection(ProjectConfigurationPlatforms) = postSolution
		{943CFF0E-16EC-43CB-9BD5-DDC9269960DA}.Debug|Any CPU.ActiveCfg = Debug|Any CPU
		{943CFF0E-16EC-43CB-9BD5-DDC9269960DA}.Debug|Any CPU.Build.0 = Debug|Any CPU
		{943CFF0E-16EC-43CB-9BD5-DDC9269960DA}.Release|Any CPU.ActiveCfg = Release|Any CPU
		{943CFF0E-16EC-43CB-9BD5-DDC9269960DA}.Release|Any CPU.Build.0 = Release|Any CPU
	EndGlobalSection
	GlobalSection(SolutionProperties) = preSolution
		HideSolutionNode = FALSE
	EndGlobalSection
	GlobalSection(ExtensibilityGlobals) = postSolution
		SolutionGuid = {A4C253F4-7732-4266-B514-4CDDA786B865}
	EndGlobalSection
EndGlobal
